// !$*UTF8*$!
{
	archiveVersion = 1;
	classes = {
	};
	objectVersion = 56;
	objects = {

/* Begin PBXBuildFile section */
		C87209AB29D7A11F0021B5A1 /* AppDelegate.swift in Sources */ = {isa = PBXBuildFile; fileRef = C87209AA29D7A11F0021B5A1 /* AppDelegate.swift */; };
		C87209AD29D7A11F0021B5A1 /* SceneDelegate.swift in Sources */ = {isa = PBXBuildFile; fileRef = C87209AC29D7A11F0021B5A1 /* SceneDelegate.swift */; };
		C87209AF29D7A11F0021B5A1 /* ViewController.swift in Sources */ = {isa = PBXBuildFile; fileRef = C87209AE29D7A11F0021B5A1 /* ViewController.swift */; };
		C87209B229D7A11F0021B5A1 /* Main.storyboard in Resources */ = {isa = PBXBuildFile; fileRef = C87209B029D7A11F0021B5A1 /* Main.storyboard */; };
		C87209B429D7A11F0021B5A1 /* Assets.xcassets in Resources */ = {isa = PBXBuildFile; fileRef = C87209B329D7A11F0021B5A1 /* Assets.xcassets */; };
		C87209B729D7A11F0021B5A1 /* LaunchScreen.storyboard in Resources */ = {isa = PBXBuildFile; fileRef = C87209B529D7A11F0021B5A1 /* LaunchScreen.storyboard */; };
		C87209C229D7A1200021B5A1 /* CollectionViewWihTableViewTests.swift in Sources */ = {isa = PBXBuildFile; fileRef = C87209C129D7A1200021B5A1 /* CollectionViewWihTableViewTests.swift */; };
		C87209CC29D7A1200021B5A1 /* CollectionViewWihTableViewUITests.swift in Sources */ = {isa = PBXBuildFile; fileRef = C87209CB29D7A1200021B5A1 /* CollectionViewWihTableViewUITests.swift */; };
		C87209CE29D7A1200021B5A1 /* CollectionViewWihTableViewUITestsLaunchTests.swift in Sources */ = {isa = PBXBuildFile; fileRef = C87209CD29D7A1200021B5A1 /* CollectionViewWihTableViewUITestsLaunchTests.swift */; };
		C87209DB29D7A1B40021B5A1 /* mytableViewCell.swift in Sources */ = {isa = PBXBuildFile; fileRef = C87209DA29D7A1B40021B5A1 /* mytableViewCell.swift */; };
		C87209DD29D7A4380021B5A1 /* myCollectionViewCell.swift in Sources */ = {isa = PBXBuildFile; fileRef = C87209DC29D7A4380021B5A1 /* myCollectionViewCell.swift */; };
		C87209DF29D7A54E0021B5A1 /* EnterTainmentApp.swift in Sources */ = {isa = PBXBuildFile; fileRef = C87209DE29D7A54E0021B5A1 /* EnterTainmentApp.swift */; };
/* End PBXBuildFile section */

/* Begin PBXContainerItemProxy section */
		C87209BE29D7A1200021B5A1 /* PBXContainerItemProxy */ = {
			isa = PBXContainerItemProxy;
			containerPortal = C872099F29D7A11F0021B5A1 /* Project object */;
			proxyType = 1;
			remoteGlobalIDString = C87209A629D7A11F0021B5A1;
			remoteInfo = CollectionViewWihTableView;
		};
		C87209C829D7A1200021B5A1 /* PBXContainerItemProxy */ = {
			isa = PBXContainerItemProxy;
			containerPortal = C872099F29D7A11F0021B5A1 /* Project object */;
			proxyType = 1;
			remoteGlobalIDString = C87209A629D7A11F0021B5A1;
			remoteInfo = CollectionViewWihTableView;
		};
/* End PBXContainerItemProxy section */

/* Begin PBXFileReference section */
		C87209A729D7A11F0021B5A1 /* CollectionViewWihTableView.app */ = {isa = PBXFileReference; explicitFileType = wrapper.application; includeInIndex = 0; path = CollectionViewWihTableView.app; sourceTree = BUILT_PRODUCTS_DIR; };
		C87209AA29D7A11F0021B5A1 /* AppDelegate.swift */ = {isa = PBXFileReference; lastKnownFileType = sourcecode.swift; path = AppDelegate.swift; sourceTree = "<group>"; };
		C87209AC29D7A11F0021B5A1 /* SceneDelegate.swift */ = {isa = PBXFileReference; lastKnownFileType = sourcecode.swift; path = SceneDelegate.swift; sourceTree = "<group>"; };
		C87209AE29D7A11F0021B5A1 /* ViewController.swift */ = {isa = PBXFileReference; lastKnownFileType = sourcecode.swift; path = ViewController.swift; sourceTree = "<group>"; };
		C87209B129D7A11F0021B5A1 /* Base */ = {isa = PBXFileReference; lastKnownFileType = file.storyboard; name = Base; path = Base.lproj/Main.storyboard; sourceTree = "<group>"; };
		C87209B329D7A11F0021B5A1 /* Assets.xcassets */ = {isa = PBXFileReference; lastKnownFileType = folder.assetcatalog; path = Assets.xcassets; sourceTree = "<group>"; };
		C87209B629D7A11F0021B5A1 /* Base */ = {isa = PBXFileReference; lastKnownFileType = file.storyboard; name = Base; path = Base.lproj/LaunchScreen.storyboard; sourceTree = "<group>"; };
		C87209B829D7A11F0021B5A1 /* Info.plist */ = {isa = PBXFileReference; lastKnownFileType = text.plist.xml; path = Info.plist; sourceTree = "<group>"; };
		C87209BD29D7A1200021B5A1 /* CollectionViewWihTableViewTests.xctest */ = {isa = PBXFileReference; explicitFileType = wrapper.cfbundle; includeInIndex = 0; path = CollectionViewWihTableViewTests.xctest; sourceTree = BUILT_PRODUCTS_DIR; };
		C87209C129D7A1200021B5A1 /* CollectionViewWihTableViewTests.swift */ = {isa = PBXFileReference; lastKnownFileType = sourcecode.swift; path = CollectionViewWihTableViewTests.swift; sourceTree = "<group>"; };
		C87209C729D7A1200021B5A1 /* CollectionViewWihTableViewUITests.xctest */ = {isa = PBXFileReference; explicitFileType = wrapper.cfbundle; includeInIndex = 0; path = CollectionViewWihTableViewUITests.xctest; sourceTree = BUILT_PRODUCTS_DIR; };
		C87209CB29D7A1200021B5A1 /* CollectionViewWihTableViewUITests.swift */ = {isa = PBXFileReference; lastKnownFileType = sourcecode.swift; path = CollectionViewWihTableViewUITests.swift; sourceTree = "<group>"; };
		C87209CD29D7A1200021B5A1 /* CollectionViewWihTableViewUITestsLaunchTests.swift */ = {isa = PBXFileReference; lastKnownFileType = sourcecode.swift; path = CollectionViewWihTableViewUITestsLaunchTests.swift; sourceTree = "<group>"; };
		C87209DA29D7A1B40021B5A1 /* mytableViewCell.swift */ = {isa = PBXFileReference; lastKnownFileType = sourcecode.swift; path = mytableViewCell.swift; sourceTree = "<group>"; };
		C87209DC29D7A4380021B5A1 /* myCollectionViewCell.swift */ = {isa = PBXFileReference; lastKnownFileType = sourcecode.swift; path = myCollectionViewCell.swift; sourceTree = "<group>"; };
		C87209DE29D7A54E0021B5A1 /* EnterTainmentApp.swift */ = {isa = PBXFileReference; lastKnownFileType = sourcecode.swift; path = EnterTainmentApp.swift; sourceTree = "<group>"; };
/* End PBXFileReference section */

/* Begin PBXFrameworksBuildPhase section */
		C87209A429D7A11F0021B5A1 /* Frameworks */ = {
			isa = PBXFrameworksBuildPhase;
			buildActionMask = 2147483647;
			files = (
			);
			runOnlyForDeploymentPostprocessing = 0;
		};
		C87209BA29D7A1200021B5A1 /* Frameworks */ = {
			isa = PBXFrameworksBuildPhase;
			buildActionMask = 2147483647;
			files = (
			);
			runOnlyForDeploymentPostprocessing = 0;
		};
		C87209C429D7A1200021B5A1 /* Frameworks */ = {
			isa = PBXFrameworksBuildPhase;
			buildActionMask = 2147483647;
			files = (
			);
			runOnlyForDeploymentPostprocessing = 0;
		};
/* End PBXFrameworksBuildPhase section */

/* Begin PBXGroup section */
		C872099E29D7A11F0021B5A1 = {
			isa = PBXGroup;
			children = (
				C87209A929D7A11F0021B5A1 /* CollectionViewWihTableView */,
				C87209C029D7A1200021B5A1 /* CollectionViewWihTableViewTests */,
				C87209CA29D7A1200021B5A1 /* CollectionViewWihTableViewUITests */,
				C87209A829D7A11F0021B5A1 /* Products */,
			);
			sourceTree = "<group>";
		};
		C87209A829D7A11F0021B5A1 /* Products */ = {
			isa = PBXGroup;
			children = (
				C87209A729D7A11F0021B5A1 /* CollectionViewWihTableView.app */,
				C87209BD29D7A1200021B5A1 /* CollectionViewWihTableViewTests.xctest */,
				C87209C729D7A1200021B5A1 /* CollectionViewWihTableViewUITests.xctest */,
			);
			name = Products;
			sourceTree = "<group>";
		};
		C87209A929D7A11F0021B5A1 /* CollectionViewWihTableView */ = {
			isa = PBXGroup;
			children = (
				C87209AA29D7A11F0021B5A1 /* AppDelegate.swift */,
				C87209AC29D7A11F0021B5A1 /* SceneDelegate.swift */,
				C87209AE29D7A11F0021B5A1 /* ViewController.swift */,
				C87209B029D7A11F0021B5A1 /* Main.storyboard */,
				C87209DA29D7A1B40021B5A1 /* mytableViewCell.swift */,
				C87209DC29D7A4380021B5A1 /* myCollectionViewCell.swift */,
				C87209DE29D7A54E0021B5A1 /* EnterTainmentApp.swift */,
				C87209B329D7A11F0021B5A1 /* Assets.xcassets */,
				C87209B529D7A11F0021B5A1 /* LaunchScreen.storyboard */,
				C87209B829D7A11F0021B5A1 /* Info.plist */,
			);
			path = CollectionViewWihTableView;
			sourceTree = "<group>";
		};
		C87209C029D7A1200021B5A1 /* CollectionViewWihTableViewTests */ = {
			isa = PBXGroup;
			children = (
				C87209C129D7A1200021B5A1 /* CollectionViewWihTableViewTests.swift */,
			);
			path = CollectionViewWihTableViewTests;
			sourceTree = "<group>";
		};
		C87209CA29D7A1200021B5A1 /* CollectionViewWihTableViewUITests */ = {
			isa = PBXGroup;
			children = (
				C87209CB29D7A1200021B5A1 /* CollectionViewWihTableViewUITests.swift */,
				C87209CD29D7A1200021B5A1 /* CollectionViewWihTableViewUITestsLaunchTests.swift */,
			);
			path = CollectionViewWihTableViewUITests;
			sourceTree = "<group>";
		};
/* End PBXGroup section */

/* Begin PBXNativeTarget section */
		C87209A629D7A11F0021B5A1 /* CollectionViewWihTableView */ = {
			isa = PBXNativeTarget;
			buildConfigurationList = C87209D129D7A1200021B5A1 /* Build configuration list for PBXNativeTarget "CollectionViewWihTableView" */;
			buildPhases = (
				C87209A329D7A11F0021B5A1 /* Sources */,
				C87209A429D7A11F0021B5A1 /* Frameworks */,
				C87209A529D7A11F0021B5A1 /* Resources */,
			);
			buildRules = (
			);
			dependencies = (
			);
			name = CollectionViewWihTableView;
			productName = CollectionViewWihTableView;
			productReference = C87209A729D7A11F0021B5A1 /* CollectionViewWihTableView.app */;
			productType = "com.apple.product-type.application";
		};
		C87209BC29D7A1200021B5A1 /* CollectionViewWihTableViewTests */ = {
			isa = PBXNativeTarget;
			buildConfigurationList = C87209D429D7A1200021B5A1 /* Build configuration list for PBXNativeTarget "CollectionViewWihTableViewTests" */;
			buildPhases = (
				C87209B929D7A1200021B5A1 /* Sources */,
				C87209BA29D7A1200021B5A1 /* Frameworks */,
				C87209BB29D7A1200021B5A1 /* Resources */,
			);
			buildRules = (
			);
			dependencies = (
				C87209BF29D7A1200021B5A1 /* PBXTargetDependency */,
			);
			name = CollectionViewWihTableViewTests;
			productName = CollectionViewWihTableViewTests;
			productReference = C87209BD29D7A1200021B5A1 /* CollectionViewWihTableViewTests.xctest */;
			productType = "com.apple.product-type.bundle.unit-test";
		};
		C87209C629D7A1200021B5A1 /* CollectionViewWihTableViewUITests */ = {
			isa = PBXNativeTarget;
			buildConfigurationList = C87209D729D7A1200021B5A1 /* Build configuration list for PBXNativeTarget "CollectionViewWihTableViewUITests" */;
			buildPhases = (
				C87209C329D7A1200021B5A1 /* Sources */,
				C87209C429D7A1200021B5A1 /* Frameworks */,
				C87209C529D7A1200021B5A1 /* Resources */,
			);
			buildRules = (
			);
			dependencies = (
				C87209C929D7A1200021B5A1 /* PBXTargetDependency */,
			);
			name = CollectionViewWihTableViewUITests;
			productName = CollectionViewWihTableViewUITests;
			productReference = C87209C729D7A1200021B5A1 /* CollectionViewWihTableViewUITests.xctest */;
			productType = "com.apple.product-type.bundle.ui-testing";
		};
/* End PBXNativeTarget section */

/* Begin PBXProject section */
		C872099F29D7A11F0021B5A1 /* Project object */ = {
			isa = PBXProject;
			attributes = {
				BuildIndependentTargetsInParallel = 1;
				LastSwiftUpdateCheck = 1400;
				LastUpgradeCheck = 1400;
				TargetAttributes = {
					C87209A629D7A11F0021B5A1 = {
						CreatedOnToolsVersion = 14.0;
					};
					C87209BC29D7A1200021B5A1 = {
						CreatedOnToolsVersion = 14.0;
						TestTargetID = C87209A629D7A11F0021B5A1;
					};
					C87209C629D7A1200021B5A1 = {
						CreatedOnToolsVersion = 14.0;
						TestTargetID = C87209A629D7A11F0021B5A1;
					};
				};
			};
			buildConfigurationList = C87209A229D7A11F0021B5A1 /* Build configuration list for PBXProject "CollectionViewWihTableView" */;
			compatibilityVersion = "Xcode 14.0";
			developmentRegion = en;
			hasScannedForEncodings = 0;
			knownRegions = (
				en,
				Base,
			);
			mainGroup = C872099E29D7A11F0021B5A1;
			productRefGroup = C87209A829D7A11F0021B5A1 /* Products */;
			projectDirPath = "";
			projectRoot = "";
			targets = (
				C87209A629D7A11F0021B5A1 /* CollectionViewWihTableView */,
				C87209BC29D7A1200021B5A1 /* CollectionViewWihTableViewTests */,
				C87209C629D7A1200021B5A1 /* CollectionViewWihTableViewUITests */,
			);
		};
/* End PBXProject section */

/* Begin PBXResourcesBuildPhase section */
		C87209A529D7A11F0021B5A1 /* Resources */ = {
			isa = PBXResourcesBuildPhase;
			buildActionMask = 2147483647;
			files = (
				C87209B729D7A11F0021B5A1 /* LaunchScreen.storyboard in Resources */,
				C87209B429D7A11F0021B5A1 /* Assets.xcassets in Resources */,
				C87209B229D7A11F0021B5A1 /* Main.storyboard in Resources */,
			);
			runOnlyForDeploymentPostprocessing = 0;
		};
		C87209BB29D7A1200021B5A1 /* Resources */ = {
			isa = PBXResourcesBuildPhase;
			buildActionMask = 2147483647;
			files = (
			);
			runOnlyForDeploymentPostprocessing = 0;
		};
		C87209C529D7A1200021B5A1 /* Resources */ = {
			isa = PBXResourcesBuildPhase;
			buildActionMask = 2147483647;
			files = (
			);
			runOnlyForDeploymentPostprocessing = 0;
		};
/* End PBXResourcesBuildPhase section */

/* Begin PBXSourcesBuildPhase section */
		C87209A329D7A11F0021B5A1 /* Sources */ = {
			isa = PBXSourcesBuildPhase;
			buildActionMask = 2147483647;
			files = (
				C87209AF29D7A11F0021B5A1 /* ViewController.swift in Sources */,
				C87209DD29D7A4380021B5A1 /* myCollectionViewCell.swift in Sources */,
				C87209DB29D7A1B40021B5A1 /* mytableViewCell.swift in Sources */,
				C87209AB29D7A11F0021B5A1 /* AppDelegate.swift in Sources */,
				C87209DF29D7A54E0021B5A1 /* EnterTainmentApp.swift in Sources */,
				C87209AD29D7A11F0021B5A1 /* SceneDelegate.swift in Sources */,
			);
			runOnlyForDeploymentPostprocessing = 0;
		};
		C87209B929D7A1200021B5A1 /* Sources */ = {
			isa = PBXSourcesBuildPhase;
			buildActionMask = 2147483647;
			files = (
				C87209C229D7A1200021B5A1 /* CollectionViewWihTableViewTests.swift in Sources */,
			);
			runOnlyForDeploymentPostprocessing = 0;
		};
		C87209C329D7A1200021B5A1 /* Sources */ = {
			isa = PBXSourcesBuildPhase;
			buildActionMask = 2147483647;
			files = (
				C87209CE29D7A1200021B5A1 /* CollectionViewWihTableViewUITestsLaunchTests.swift in Sources */,
				C87209CC29D7A1200021B5A1 /* CollectionViewWihTableViewUITests.swift in Sources */,
			);
			runOnlyForDeploymentPostprocessing = 0;
		};
/* End PBXSourcesBuildPhase section */

/* Begin PBXTargetDependency section */
		C87209BF29D7A1200021B5A1 /* PBXTargetDependency */ = {
			isa = PBXTargetDependency;
			target = C87209A629D7A11F0021B5A1 /* CollectionViewWihTableView */;
			targetProxy = C87209BE29D7A1200021B5A1 /* PBXContainerItemProxy */;
		};
		C87209C929D7A1200021B5A1 /* PBXTargetDependency */ = {
			isa = PBXTargetDependency;
			target = C87209A629D7A11F0021B5A1 /* CollectionViewWihTableView */;
			targetProxy = C87209C829D7A1200021B5A1 /* PBXContainerItemProxy */;
		};
/* End PBXTargetDependency section */

/* Begin PBXVariantGroup section */
		C87209B029D7A11F0021B5A1 /* Main.storyboard */ = {
			isa = PBXVariantGroup;
			children = (
				C87209B129D7A11F0021B5A1 /* Base */,
			);
			name = Main.storyboard;
			sourceTree = "<group>";
		};
		C87209B529D7A11F0021B5A1 /* LaunchScreen.storyboard */ = {
			isa = PBXVariantGroup;
			children = (
				C87209B629D7A11F0021B5A1 /* Base */,
			);
			name = LaunchScreen.storyboard;
			sourceTree = "<group>";
		};
/* End PBXVariantGroup section */

/* Begin XCBuildConfiguration section */
		C87209CF29D7A1200021B5A1 /* Debug */ = {
			isa = XCBuildConfiguration;
			buildSettings = {
				ALWAYS_SEARCH_USER_PATHS = NO;
				CLANG_ANALYZER_NONNULL = YES;
				CLANG_ANALYZER_NUMBER_OBJECT_CONVERSION = YES_AGGRESSIVE;
				CLANG_CXX_LANGUAGE_STANDARD = "gnu++20";
				CLANG_ENABLE_MODULES = YES;
				CLANG_ENABLE_OBJC_ARC = YES;
				CLANG_ENABLE_OBJC_WEAK = YES;
				CLANG_WARN_BLOCK_CAPTURE_AUTORELEASING = YES;
				CLANG_WARN_BOOL_CONVERSION = YES;
				CLANG_WARN_COMMA = YES;
				CLANG_WARN_CONSTANT_CONVERSION = YES;
				CLANG_WARN_DEPRECATED_OBJC_IMPLEMENTATIONS = YES;
				CLANG_WARN_DIRECT_OBJC_ISA_USAGE = YES_ERROR;
				CLANG_WARN_DOCUMENTATION_COMMENTS = YES;
				CLANG_WARN_EMPTY_BODY = YES;
				CLANG_WARN_ENUM_CONVERSION = YES;
				CLANG_WARN_INFINITE_RECURSION = YES;
				CLANG_WARN_INT_CONVERSION = YES;
				CLANG_WARN_NON_LITERAL_NULL_CONVERSION = YES;
				CLANG_WARN_OBJC_IMPLICIT_RETAIN_SELF = YES;
				CLANG_WARN_OBJC_LITERAL_CONVERSION = YES;
				CLANG_WARN_OBJC_ROOT_CLASS = YES_ERROR;
				CLANG_WARN_QUOTED_INCLUDE_IN_FRAMEWORK_HEADER = YES;
				CLANG_WARN_RANGE_LOOP_ANALYSIS = YES;
				CLANG_WARN_STRICT_PROTOTYPES = YES;
				CLANG_WARN_SUSPICIOUS_MOVE = YES;
				CLANG_WARN_UNGUARDED_AVAILABILITY = YES_AGGRESSIVE;
				CLANG_WARN_UNREACHABLE_CODE = YES;
				CLANG_WARN__DUPLICATE_METHOD_MATCH = YES;
				COPY_PHASE_STRIP = NO;
				DEBUG_INFORMATION_FORMAT = dwarf;
				ENABLE_STRICT_OBJC_MSGSEND = YES;
				ENABLE_TESTABILITY = YES;
				GCC_C_LANGUAGE_STANDARD = gnu11;
				GCC_DYNAMIC_NO_PIC = NO;
				GCC_NO_COMMON_BLOCKS = YES;
				GCC_OPTIMIZATION_LEVEL = 0;
				GCC_PREPROCESSOR_DEFINITIONS = (
					"DEBUG=1",
					"$(inherited)",
				);
				GCC_WARN_64_TO_32_BIT_CONVERSION = YES;
				GCC_WARN_ABOUT_RETURN_TYPE = YES_ERROR;
				GCC_WARN_UNDECLARED_SELECTOR = YES;
				GCC_WARN_UNINITIALIZED_AUTOS = YES_AGGRESSIVE;
				GCC_WARN_UNUSED_FUNCTION = YES;
				GCC_WARN_UNUSED_VARIABLE = YES;
				IPHONEOS_DEPLOYMENT_TARGET = 16.0;
				MTL_ENABLE_DEBUG_INFO = INCLUDE_SOURCE;
				MTL_FAST_MATH = YES;
				ONLY_ACTIVE_ARCH = YES;
				SDKROOT = iphoneos;
				SWIFT_ACTIVE_COMPILATION_CONDITIONS = DEBUG;
				SWIFT_OPTIMIZATION_LEVEL = "-Onone";
			};
			name = Debug;
		};
		C87209D029D7A1200021B5A1 /* Release */ = {
			isa = XCBuildConfiguration;
			buildSettings = {
				ALWAYS_SEARCH_USER_PATHS = NO;
				CLANG_ANALYZER_NONNULL = YES;
				CLANG_ANALYZER_NUMBER_OBJECT_CONVERSION = YES_AGGRESSIVE;
				CLANG_CXX_LANGUAGE_STANDARD = "gnu++20";
				CLANG_ENABLE_MODULES = YES;
				CLANG_ENABLE_OBJC_ARC = YES;
				CLANG_ENABLE_OBJC_WEAK = YES;
				CLANG_WARN_BLOCK_CAPTURE_AUTORELEASING = YES;
				CLANG_WARN_BOOL_CONVERSION = YES;
				CLANG_WARN_COMMA = YES;
				CLANG_WARN_CONSTANT_CONVERSION = YES;
				CLANG_WARN_DEPRECATED_OBJC_IMPLEMENTATIONS = YES;
				CLANG_WARN_DIRECT_OBJC_ISA_USAGE = YES_ERROR;
				CLANG_WARN_DOCUMENTATION_COMMENTS = YES;
				CLANG_WARN_EMPTY_BODY = YES;
				CLANG_WARN_ENUM_CONVERSION = YES;
				CLANG_WARN_INFINITE_RECURSION = YES;
				CLANG_WARN_INT_CONVERSION = YES;
				CLANG_WARN_NON_LITERAL_NULL_CONVERSION = YES;
				CLANG_WARN_OBJC_IMPLICIT_RETAIN_SELF = YES;
				CLANG_WARN_OBJC_LITERAL_CONVERSION = YES;
				CLANG_WARN_OBJC_ROOT_CLASS = YES_ERROR;
				CLANG_WARN_QUOTED_INCLUDE_IN_FRAMEWORK_HEADER = YES;
				CLANG_WARN_RANGE_LOOP_ANALYSIS = YES;
				CLANG_WARN_STRICT_PROTOTYPES = YES;
				CLANG_WARN_SUSPICIOUS_MOVE = YES;
				CLANG_WARN_UNGUARDED_AVAILABILITY = YES_AGGRESSIVE;
				CLANG_WARN_UNREACHABLE_CODE = YES;
				CLANG_WARN__DUPLICATE_METHOD_MATCH = YES;
				COPY_PHASE_STRIP = NO;
				DEBUG_INFORMATION_FORMAT = "dwarf-with-dsym";
				ENABLE_NS_ASSERTIONS = NO;
				ENABLE_STRICT_OBJC_MSGSEND = YES;
				GCC_C_LANGUAGE_STANDARD = gnu11;
				GCC_NO_COMMON_BLOCKS = YES;
				GCC_WARN_64_TO_32_BIT_CONVERSION = YES;
				GCC_WARN_ABOUT_RETURN_TYPE = YES_ERROR;
				GCC_WARN_UNDECLARED_SELECTOR = YES;
				GCC_WARN_UNINITIALIZED_AUTOS = YES_AGGRESSIVE;
				GCC_WARN_UNUSED_FUNCTION = YES;
				GCC_WARN_UNUSED_VARIABLE = YES;
				IPHONEOS_DEPLOYMENT_TARGET = 16.0;
				MTL_ENABLE_DEBUG_INFO = NO;
				MTL_FAST_MATH = YES;
				SDKROOT = iphoneos;
				SWIFT_COMPILATION_MODE = wholemodule;
				SWIFT_OPTIMIZATION_LEVEL = "-O";
				VALIDATE_PRODUCT = YES;
			};
			name = Release;
		};
		C87209D229D7A1200021B5A1 /* Debug */ = {
			isa = XCBuildConfiguration;
			buildSettings = {
				ASSETCATALOG_COMPILER_APPICON_NAME = AppIcon;
				ASSETCATALOG_COMPILER_GLOBAL_ACCENT_COLOR_NAME = AccentColor;
				CODE_SIGN_STYLE = Automatic;
				CURRENT_PROJECT_VERSION = 1;
				GENERATE_INFOPLIST_FILE = YES;
				INFOPLIST_FILE = CollectionViewWihTableView/Info.plist;
				INFOPLIST_KEY_UIApplicationSupportsIndirectInputEvents = YES;
				INFOPLIST_KEY_UILaunchStoryboardName = LaunchScreen;
				INFOPLIST_KEY_UIMainStoryboardFile = Main;
				INFOPLIST_KEY_UISupportedInterfaceOrientations_iPad = "UIInterfaceOrientationPortrait UIInterfaceOrientationPortraitUpsideDown UIInterfaceOrientationLandscapeLeft UIInterfaceOrientationLandscapeRight";
				INFOPLIST_KEY_UISupportedInterfaceOrientations_iPhone = "UIInterfaceOrientationPortrait UIInterfaceOrientationLandscapeLeft UIInterfaceOrientationLandscapeRight";
				LD_RUNPATH_SEARCH_PATHS = (
					"$(inherited)",
					"@executable_path/Frameworks",
				);
				MARKETING_VERSION = 1.0;
				PRODUCT_BUNDLE_IDENTIFIER = gitixachauhan.CollectionViewWihTableView;
				PRODUCT_NAME = "$(TARGET_NAME)";
				SWIFT_EMIT_LOC_STRINGS = YES;
				SWIFT_VERSION = 5.0;
				TARGETED_DEVICE_FAMILY = "1,2";
			};
			name = Debug;
		};
		C87209D329D7A1200021B5A1 /* Release */ = {
			isa = XCBuildConfiguration;
			buildSettings = {
				ASSETCATALOG_COMPILER_APPICON_NAME = AppIcon;
				ASSETCATALOG_COMPILER_GLOBAL_ACCENT_COLOR_NAME = AccentColor;
				CODE_SIGN_STYLE = Automatic;
				CURRENT_PROJECT_VERSION = 1;
				GENERATE_INFOPLIST_FILE = YES;
				INFOPLIST_FILE = CollectionViewWihTableView/Info.plist;
				INFOPLIST_KEY_UIApplicationSupportsIndirectInputEvents = YES;
				INFOPLIST_KEY_UILaunchStoryboardName = LaunchScreen;
				INFOPLIST_KEY_UIMainStoryboardFile = Main;
				INFOPLIST_KEY_UISupportedInterfaceOrientations_iPad = "UIInterfaceOrientationPortrait UIInterfaceOrientationPortraitUpsideDown UIInterfaceOrientationLandscapeLeft UIInterfaceOrientationLandscapeRight";
				INFOPLIST_KEY_UISupportedInterfaceOrientations_iPhone = "UIInterfaceOrientationPortrait UIInterfaceOrientationLandscapeLeft UIInterfaceOrientationLandscapeRight";
				LD_RUNPATH_SEARCH_PATHS = (
					"$(inherited)",
					"@executable_path/Frameworks",
				);
				MARKETING_VERSION = 1.0;
				PRODUCT_BUNDLE_IDENTIFIER = gitixachauhan.CollectionViewWihTableView;
				PRODUCT_NAME = "$(TARGET_NAME)";
				SWIFT_EMIT_LOC_STRINGS = YES;
				SWIFT_VERSION = 5.0;
				TARGETED_DEVICE_FAMILY = "1,2";
			};
			name = Release;
		};
		C87209D529D7A1200021B5A1 /* Debug */ = {
			isa = XCBuildConfiguration;
			buildSettings = {
				ALWAYS_EMBED_SWIFT_STANDARD_LIBRARIES = YES;
				BUNDLE_LOADER = "$(TEST_HOST)";
				CODE_SIGN_STYLE = Automatic;
				CURRENT_PROJECT_VERSION = 1;
				GENERATE_INFOPLIST_FILE = YES;
				IPHONEOS_DEPLOYMENT_TARGET = 16.0;
				MARKETING_VERSION = 1.0;
				PRODUCT_BUNDLE_IDENTIFIER = gitixachauhan.CollectionViewWihTableViewTests;
				PRODUCT_NAME = "$(TARGET_NAME)";
				SWIFT_EMIT_LOC_STRINGS = NO;
				SWIFT_VERSION = 5.0;
				TARGETED_DEVICE_FAMILY = "1,2";
				TEST_HOST = "$(BUILT_PRODUCTS_DIR)/CollectionViewWihTableView.app/$(BUNDLE_EXECUTABLE_FOLDER_PATH)/CollectionViewWihTableView";
			};
			name = Debug;
		};
		C87209D629D7A1200021B5A1 /* Release */ = {
			isa = XCBuildConfiguration;
			buildSettings = {
				ALWAYS_EMBED_SWIFT_STANDARD_LIBRARIES = YES;
				BUNDLE_LOADER = "$(TEST_HOST)";
				CODE_SIGN_STYLE = Automatic;
				CURRENT_PROJECT_VERSION = 1;
				GENERATE_INFOPLIST_FILE = YES;
				IPHONEOS_DEPLOYMENT_TARGET = 16.0;
				MARKETING_VERSION = 1.0;
				PRODUCT_BUNDLE_IDENTIFIER = gitixachauhan.CollectionViewWihTableViewTests;
				PRODUCT_NAME = "$(TARGET_NAME)";
				SWIFT_EMIT_LOC_STRINGS = NO;
				SWIFT_VERSION = 5.0;
				TARGETED_DEVICE_FAMILY = "1,2";
				TEST_HOST = "$(BUILT_PRODUCTS_DIR)/CollectionViewWihTableView.app/$(BUNDLE_EXECUTABLE_FOLDER_PATH)/CollectionViewWihTableView";
			};
			name = Release;
		};
		C87209D829D7A1200021B5A1 /* Debug */ = {
			isa = XCBuildConfiguration;
			buildSettings = {
				ALWAYS_EMBED_SWIFT_STANDARD_LIBRARIES = YES;
				CODE_SIGN_STYLE = Automatic;
				CURRENT_PROJECT_VERSION = 1;
				GENERATE_INFOPLIST_FILE = YES;
				MARKETING_VERSION = 1.0;
				PRODUCT_BUNDLE_IDENTIFIER = gitixachauhan.CollectionViewWihTableViewUITests;
				PRODUCT_NAME = "$(TARGET_NAME)";
				SWIFT_EMIT_LOC_STRINGS = NO;
				SWIFT_VERSION = 5.0;
				TARGETED_DEVICE_FAMILY = "1,2";
				TEST_TARGET_NAME = CollectionViewWihTableView;
			};
			name = Debug;
		};
		C87209D929D7A1200021B5A1 /* Release */ = {
			isa = XCBuildConfiguration;
			buildSettings = {
				ALWAYS_EMBED_SWIFT_STANDARD_LIBRARIES = YES;
				CODE_SIGN_STYLE = Automatic;
				CURRENT_PROJECT_VERSION = 1;
				GENERATE_INFOPLIST_FILE = YES;
				MARKETING_VERSION = 1.0;
				PRODUCT_BUNDLE_IDENTIFIER = gitixachauhan.CollectionViewWihTableViewUITests;
				PRODUCT_NAME = "$(TARGET_NAME)";
				SWIFT_EMIT_LOC_STRINGS = NO;
				SWIFT_VERSION = 5.0;
				TARGETED_DEVICE_FAMILY = "1,2";
				TEST_TARGET_NAME = CollectionViewWihTableView;
			};
			name = Release;
		};
/* End XCBuildConfiguration section */

/* Begin XCConfigurationList section */
		C87209A229D7A11F0021B5A1 /* Build configuration list for PBXProject "CollectionViewWihTableView" */ = {
			isa = XCConfigurationList;
			buildConfigurations = (
				C87209CF29D7A1200021B5A1 /* Debug */,
				C87209D029D7A1200021B5A1 /* Release */,
			);
			defaultConfigurationIsVisible = 0;
			defaultConfigurationName = Release;
		};
		C87209D129D7A1200021B5A1 /* Build configuration list for PBXNativeTarget "CollectionViewWihTableView" */ = {
			isa = XCConfigurationList;
			buildConfigurations = (
				C87209D229D7A1200021B5A1 /* Debug */,
				C87209D329D7A1200021B5A1 /* Release */,
			);
			defaultConfigurationIsVisible = 0;
			defaultConfigurationName = Release;
		};
		C87209D429D7A1200021B5A1 /* Build configuration list for PBXNativeTarget "CollectionViewWihTableViewTests" */ = {
			isa = XCConfigurationList;
			buildConfigurations = (
				C87209D529D7A1200021B5A1 /* Debug */,
				C87209D629D7A1200021B5A1 /* Release */,
			);
			defaultConfigurationIsVisible = 0;
			defaultConfigurationName = Release;
		};
		C87209D729D7A1200021B5A1 /* Build configuration list for PBXNativeTarget "CollectionViewWihTableViewUITests" */ = {
			isa = XCConfigurationList;
			buildConfigurations = (
				C87209D829D7A1200021B5A1 /* Debug */,
				C87209D929D7A1200021B5A1 /* Release */,
			);
			defaultConfigurationIsVisible = 0;
			defaultConfigurationName = Release;
		};
/* End XCConfigurationList section */
	};
	rootObject = C872099F29D7A11F0021B5A1 /* Project object */;
}
